// !$*UTF8*$!
{
	archiveVersion = 1;
	classes = {
	};
	objectVersion = 55;
	objects = {

/* Begin PBXBuildFile section */
		1E68A9C128F52E3800FC847B /* MyNaviCell.swift in Sources */ = {isa = PBXBuildFile; fileRef = 1E68A9C028F52E3800FC847B /* MyNaviCell.swift */; };
		1E68A9C428F537F700FC847B /* RequestDetailViewController.swift in Sources */ = {isa = PBXBuildFile; fileRef = 1E68A9C328F537F700FC847B /* RequestDetailViewController.swift */; };
		1E68A9C628F5389300FC847B /* RequestDetailViewModel.swift in Sources */ = {isa = PBXBuildFile; fileRef = 1E68A9C528F5389300FC847B /* RequestDetailViewModel.swift */; };
		1E68A9C828F5432700FC847B /* RequestChildCoordinator.swift in Sources */ = {isa = PBXBuildFile; fileRef = 1E68A9C728F5432700FC847B /* RequestChildCoordinator.swift */; };
		1EC41E1528F410A900E1A634 /* NaviDIContainer.swift in Sources */ = {isa = PBXBuildFile; fileRef = 1EC41E1428F410A900E1A634 /* NaviDIContainer.swift */; };
		1EC41E1A28F414B300E1A634 /* RequestDataRepositoryProtocols.swift in Sources */ = {isa = PBXBuildFile; fileRef = 1EC41E1928F414B300E1A634 /* RequestDataRepositoryProtocols.swift */; };
		1EE7AC1028EB08DC008ED299 /* AppDelegate.swift in Sources */ = {isa = PBXBuildFile; fileRef = 1EE7AC0F28EB08DC008ED299 /* AppDelegate.swift */; };
		1EE7AC1228EB08DC008ED299 /* SceneDelegate.swift in Sources */ = {isa = PBXBuildFile; fileRef = 1EE7AC1128EB08DC008ED299 /* SceneDelegate.swift */; };
		1EE7AC1428EB08DC008ED299 /* NaviViewController.swift in Sources */ = {isa = PBXBuildFile; fileRef = 1EE7AC1328EB08DC008ED299 /* NaviViewController.swift */; };
		1EE7AC1728EB08DC008ED299 /* Main.storyboard in Resources */ = {isa = PBXBuildFile; fileRef = 1EE7AC1528EB08DC008ED299 /* Main.storyboard */; };
		1EE7AC1928EB08DD008ED299 /* Assets.xcassets in Resources */ = {isa = PBXBuildFile; fileRef = 1EE7AC1828EB08DD008ED299 /* Assets.xcassets */; };
		1EE7AC1C28EB08DD008ED299 /* LaunchScreen.storyboard in Resources */ = {isa = PBXBuildFile; fileRef = 1EE7AC1A28EB08DD008ED299 /* LaunchScreen.storyboard */; };
		1EE7AC2428EB10EF008ED299 /* RequestDataRepository.swift in Sources */ = {isa = PBXBuildFile; fileRef = 1EE7AC2328EB10EF008ED299 /* RequestDataRepository.swift */; };
		1EE7AC2828EBF9B8008ED299 /* RequestModel.swift in Sources */ = {isa = PBXBuildFile; fileRef = 1EE7AC2728EBF9B8008ED299 /* RequestModel.swift */; };
		1EE7AC2A28EC009E008ED299 /* Observable.swift in Sources */ = {isa = PBXBuildFile; fileRef = 1EE7AC2928EC009E008ED299 /* Observable.swift */; };
		1EE7AC2D28EC02F9008ED299 /* RequestViewModel.swift in Sources */ = {isa = PBXBuildFile; fileRef = 1EE7AC2C28EC02F9008ED299 /* RequestViewModel.swift */; };
		1EE7AC2F28EC0FB6008ED299 /* APIService.swift in Sources */ = {isa = PBXBuildFile; fileRef = 1EE7AC2E28EC0FB6008ED299 /* APIService.swift */; };
		1EE7AC3228ED45BE008ED299 /* AppCoordinator.swift in Sources */ = {isa = PBXBuildFile; fileRef = 1EE7AC3128ED45BE008ED299 /* AppCoordinator.swift */; };
		1EE7AC3428ED465B008ED299 /* MainCoordinator.swift in Sources */ = {isa = PBXBuildFile; fileRef = 1EE7AC3328ED465B008ED299 /* MainCoordinator.swift */; };
		1EE7AC3628ED4BF5008ED299 /* StoryboardUtility.swift in Sources */ = {isa = PBXBuildFile; fileRef = 1EE7AC3528ED4BF5008ED299 /* StoryboardUtility.swift */; };
/* End PBXBuildFile section */

/* Begin PBXFileReference section */
		1E68A9C028F52E3800FC847B /* MyNaviCell.swift */ = {isa = PBXFileReference; lastKnownFileType = sourcecode.swift; path = MyNaviCell.swift; sourceTree = "<group>"; };
		1E68A9C328F537F700FC847B /* RequestDetailViewController.swift */ = {isa = PBXFileReference; fileEncoding = 4; lastKnownFileType = sourcecode.swift; path = RequestDetailViewController.swift; sourceTree = "<group>"; };
		1E68A9C528F5389300FC847B /* RequestDetailViewModel.swift */ = {isa = PBXFileReference; fileEncoding = 4; lastKnownFileType = sourcecode.swift; path = RequestDetailViewModel.swift; sourceTree = "<group>"; };
		1E68A9C728F5432700FC847B /* RequestChildCoordinator.swift */ = {isa = PBXFileReference; lastKnownFileType = sourcecode.swift; path = RequestChildCoordinator.swift; sourceTree = "<group>"; };
		1EC41E1428F410A900E1A634 /* NaviDIContainer.swift */ = {isa = PBXFileReference; lastKnownFileType = sourcecode.swift; path = NaviDIContainer.swift; sourceTree = "<group>"; };
		1EC41E1928F414B300E1A634 /* RequestDataRepositoryProtocols.swift */ = {isa = PBXFileReference; lastKnownFileType = sourcecode.swift; path = RequestDataRepositoryProtocols.swift; sourceTree = "<group>"; };
		1EE7AC0C28EB08DC008ED299 /* MyOwnArchitectureApp.app */ = {isa = PBXFileReference; explicitFileType = wrapper.application; includeInIndex = 0; path = MyOwnArchitectureApp.app; sourceTree = BUILT_PRODUCTS_DIR; };
		1EE7AC0F28EB08DC008ED299 /* AppDelegate.swift */ = {isa = PBXFileReference; lastKnownFileType = sourcecode.swift; path = AppDelegate.swift; sourceTree = "<group>"; };
		1EE7AC1128EB08DC008ED299 /* SceneDelegate.swift */ = {isa = PBXFileReference; lastKnownFileType = sourcecode.swift; path = SceneDelegate.swift; sourceTree = "<group>"; };
		1EE7AC1328EB08DC008ED299 /* NaviViewController.swift */ = {isa = PBXFileReference; lastKnownFileType = sourcecode.swift; path = NaviViewController.swift; sourceTree = "<group>"; };
		1EE7AC1628EB08DC008ED299 /* Base */ = {isa = PBXFileReference; lastKnownFileType = file.storyboard; name = Base; path = Base.lproj/Main.storyboard; sourceTree = "<group>"; };
		1EE7AC1828EB08DD008ED299 /* Assets.xcassets */ = {isa = PBXFileReference; lastKnownFileType = folder.assetcatalog; path = Assets.xcassets; sourceTree = "<group>"; };
		1EE7AC1B28EB08DD008ED299 /* Base */ = {isa = PBXFileReference; lastKnownFileType = file.storyboard; name = Base; path = Base.lproj/LaunchScreen.storyboard; sourceTree = "<group>"; };
		1EE7AC1D28EB08DD008ED299 /* Info.plist */ = {isa = PBXFileReference; lastKnownFileType = text.plist.xml; path = Info.plist; sourceTree = "<group>"; };
		1EE7AC2328EB10EF008ED299 /* RequestDataRepository.swift */ = {isa = PBXFileReference; lastKnownFileType = sourcecode.swift; path = RequestDataRepository.swift; sourceTree = "<group>"; };
		1EE7AC2728EBF9B8008ED299 /* RequestModel.swift */ = {isa = PBXFileReference; lastKnownFileType = sourcecode.swift; path = RequestModel.swift; sourceTree = "<group>"; };
		1EE7AC2928EC009E008ED299 /* Observable.swift */ = {isa = PBXFileReference; lastKnownFileType = sourcecode.swift; path = Observable.swift; sourceTree = "<group>"; };
		1EE7AC2C28EC02F9008ED299 /* RequestViewModel.swift */ = {isa = PBXFileReference; lastKnownFileType = sourcecode.swift; path = RequestViewModel.swift; sourceTree = "<group>"; };
		1EE7AC2E28EC0FB6008ED299 /* APIService.swift */ = {isa = PBXFileReference; lastKnownFileType = sourcecode.swift; path = APIService.swift; sourceTree = "<group>"; };
		1EE7AC3128ED45BE008ED299 /* AppCoordinator.swift */ = {isa = PBXFileReference; lastKnownFileType = sourcecode.swift; path = AppCoordinator.swift; sourceTree = "<group>"; };
		1EE7AC3328ED465B008ED299 /* MainCoordinator.swift */ = {isa = PBXFileReference; lastKnownFileType = sourcecode.swift; path = MainCoordinator.swift; sourceTree = "<group>"; };
		1EE7AC3528ED4BF5008ED299 /* StoryboardUtility.swift */ = {isa = PBXFileReference; lastKnownFileType = sourcecode.swift; path = StoryboardUtility.swift; sourceTree = "<group>"; };
/* End PBXFileReference section */

/* Begin PBXFrameworksBuildPhase section */
		1EE7AC0928EB08DC008ED299 /* Frameworks */ = {
			isa = PBXFrameworksBuildPhase;
			buildActionMask = 2147483647;
			files = (
			);
			runOnlyForDeploymentPostprocessing = 0;
		};
/* End PBXFrameworksBuildPhase section */

/* Begin PBXGroup section */
		1E68A9C228F52E3F00FC847B /* TableCell */ = {
			isa = PBXGroup;
			children = (
				1E68A9C028F52E3800FC847B /* MyNaviCell.swift */,
			);
			path = TableCell;
			sourceTree = "<group>";
		};
		1EC41E1628F4139100E1A634 /* Presentation */ = {
			isa = PBXGroup;
			children = (
				1E68A9C728F5432700FC847B /* RequestChildCoordinator.swift */,
				1E68A9C328F537F700FC847B /* RequestDetailViewController.swift */,
				1EE7AC1328EB08DC008ED299 /* NaviViewController.swift */,
				1EE7AC2B28EC02E4008ED299 /* ViewModel */,
				1E68A9C228F52E3F00FC847B /* TableCell */,
			);
			path = Presentation;
			sourceTree = "<group>";
		};
		1EC41E1728F413E700E1A634 /* Data */ = {
			isa = PBXGroup;
			children = (
				1EE7AC2328EB10EF008ED299 /* RequestDataRepository.swift */,
			);
			path = Data;
			sourceTree = "<group>";
		};
		1EC41E1828F4148B00E1A634 /* Domain */ = {
			isa = PBXGroup;
			children = (
				1EC41E1928F414B300E1A634 /* RequestDataRepositoryProtocols.swift */,
			);
			path = Domain;
			sourceTree = "<group>";
		};
		1EE7AC0328EB08DC008ED299 = {
			isa = PBXGroup;
			children = (
				1EE7AC0E28EB08DC008ED299 /* MyOwnArchitectureApp */,
				1EE7AC0D28EB08DC008ED299 /* Products */,
			);
			sourceTree = "<group>";
		};
		1EE7AC0D28EB08DC008ED299 /* Products */ = {
			isa = PBXGroup;
			children = (
				1EE7AC0C28EB08DC008ED299 /* MyOwnArchitectureApp.app */,
			);
			name = Products;
			sourceTree = "<group>";
		};
		1EE7AC0E28EB08DC008ED299 /* MyOwnArchitectureApp */ = {
			isa = PBXGroup;
			children = (
				1EE7AC0F28EB08DC008ED299 /* AppDelegate.swift */,
				1EE7AC1128EB08DC008ED299 /* SceneDelegate.swift */,
				1EE7AC1528EB08DC008ED299 /* Main.storyboard */,
				1EE7AC3028ED45B0008ED299 /* AppCoordinator */,
				1EE7AC3728ED5D8B008ED299 /* RequestModule */,
				1EE7AC2528EB10F3008ED299 /* Utility */,
				1EE7AC1828EB08DD008ED299 /* Assets.xcassets */,
				1EE7AC1A28EB08DD008ED299 /* LaunchScreen.storyboard */,
				1EE7AC1D28EB08DD008ED299 /* Info.plist */,
			);
			path = MyOwnArchitectureApp;
			sourceTree = "<group>";
		};
		1EE7AC2528EB10F3008ED299 /* Utility */ = {
			isa = PBXGroup;
			children = (
				1EE7AC2928EC009E008ED299 /* Observable.swift */,
				1EE7AC2E28EC0FB6008ED299 /* APIService.swift */,
				1EE7AC3528ED4BF5008ED299 /* StoryboardUtility.swift */,
			);
			path = Utility;
			sourceTree = "<group>";
		};
		1EE7AC2628EBF848008ED299 /* Model */ = {
			isa = PBXGroup;
			children = (
				1EE7AC2728EBF9B8008ED299 /* RequestModel.swift */,
			);
			path = Model;
			sourceTree = "<group>";
		};
		1EE7AC2B28EC02E4008ED299 /* ViewModel */ = {
			isa = PBXGroup;
			children = (
				1E68A9C528F5389300FC847B /* RequestDetailViewModel.swift */,
				1EE7AC2C28EC02F9008ED299 /* RequestViewModel.swift */,
			);
			path = ViewModel;
			sourceTree = "<group>";
		};
		1EE7AC3028ED45B0008ED299 /* AppCoordinator */ = {
			isa = PBXGroup;
			children = (
				1EE7AC3128ED45BE008ED299 /* AppCoordinator.swift */,
				1EE7AC3328ED465B008ED299 /* MainCoordinator.swift */,
			);
			path = AppCoordinator;
			sourceTree = "<group>";
		};
		1EE7AC3728ED5D8B008ED299 /* RequestModule */ = {
			isa = PBXGroup;
			children = (
				1EC41E1428F410A900E1A634 /* NaviDIContainer.swift */,
				1EC41E1628F4139100E1A634 /* Presentation */,
				1EC41E1828F4148B00E1A634 /* Domain */,
				1EC41E1728F413E700E1A634 /* Data */,
				1EE7AC2628EBF848008ED299 /* Model */,
			);
			path = RequestModule;
			sourceTree = "<group>";
		};
/* End PBXGroup section */

/* Begin PBXNativeTarget section */
		1EE7AC0B28EB08DC008ED299 /* MyOwnArchitectureApp */ = {
			isa = PBXNativeTarget;
			buildConfigurationList = 1EE7AC2028EB08DD008ED299 /* Build configuration list for PBXNativeTarget "MyOwnArchitectureApp" */;
			buildPhases = (
				1EE7AC0828EB08DC008ED299 /* Sources */,
				1EE7AC0928EB08DC008ED299 /* Frameworks */,
				1EE7AC0A28EB08DC008ED299 /* Resources */,
			);
			buildRules = (
			);
			dependencies = (
			);
			name = MyOwnArchitectureApp;
			productName = MyOwnArchitectureApp;
			productReference = 1EE7AC0C28EB08DC008ED299 /* MyOwnArchitectureApp.app */;
			productType = "com.apple.product-type.application";
		};
/* End PBXNativeTarget section */

/* Begin PBXProject section */
		1EE7AC0428EB08DC008ED299 /* Project object */ = {
			isa = PBXProject;
			attributes = {
				BuildIndependentTargetsInParallel = 1;
				LastSwiftUpdateCheck = 1340;
				LastUpgradeCheck = 1340;
				TargetAttributes = {
					1EE7AC0B28EB08DC008ED299 = {
						CreatedOnToolsVersion = 13.4.1;
					};
				};
			};
			buildConfigurationList = 1EE7AC0728EB08DC008ED299 /* Build configuration list for PBXProject "MyOwnArchitectureApp" */;
			compatibilityVersion = "Xcode 13.0";
			developmentRegion = en;
			hasScannedForEncodings = 0;
			knownRegions = (
				en,
				Base,
			);
			mainGroup = 1EE7AC0328EB08DC008ED299;
			productRefGroup = 1EE7AC0D28EB08DC008ED299 /* Products */;
			projectDirPath = "";
			projectRoot = "";
			targets = (
				1EE7AC0B28EB08DC008ED299 /* MyOwnArchitectureApp */,
			);
		};
/* End PBXProject section */

/* Begin PBXResourcesBuildPhase section */
		1EE7AC0A28EB08DC008ED299 /* Resources */ = {
			isa = PBXResourcesBuildPhase;
			buildActionMask = 2147483647;
			files = (
				1EE7AC1C28EB08DD008ED299 /* LaunchScreen.storyboard in Resources */,
				1EE7AC1928EB08DD008ED299 /* Assets.xcassets in Resources */,
				1EE7AC1728EB08DC008ED299 /* Main.storyboard in Resources */,
			);
			runOnlyForDeploymentPostprocessing = 0;
		};
/* End PBXResourcesBuildPhase section */

/* Begin PBXSourcesBuildPhase section */
		1EE7AC0828EB08DC008ED299 /* Sources */ = {
			isa = PBXSourcesBuildPhase;
			buildActionMask = 2147483647;
			files = (
				1E68A9C628F5389300FC847B /* RequestDetailViewModel.swift in Sources */,
				1EC41E1528F410A900E1A634 /* NaviDIContainer.swift in Sources */,
				1EE7AC3628ED4BF5008ED299 /* StoryboardUtility.swift in Sources */,
				1EE7AC2828EBF9B8008ED299 /* RequestModel.swift in Sources */,
				1EE7AC1428EB08DC008ED299 /* NaviViewController.swift in Sources */,
				1EE7AC1028EB08DC008ED299 /* AppDelegate.swift in Sources */,
				1EE7AC2428EB10EF008ED299 /* RequestDataRepository.swift in Sources */,
				1EE7AC2A28EC009E008ED299 /* Observable.swift in Sources */,
				1E68A9C128F52E3800FC847B /* MyNaviCell.swift in Sources */,
				1EE7AC2D28EC02F9008ED299 /* RequestViewModel.swift in Sources */,
				1EE7AC2F28EC0FB6008ED299 /* APIService.swift in Sources */,
				1EE7AC1228EB08DC008ED299 /* SceneDelegate.swift in Sources */,
				1EC41E1A28F414B300E1A634 /* RequestDataRepositoryProtocols.swift in Sources */,
				1E68A9C428F537F700FC847B /* RequestDetailViewController.swift in Sources */,
				1E68A9C828F5432700FC847B /* RequestChildCoordinator.swift in Sources */,
				1EE7AC3228ED45BE008ED299 /* AppCoordinator.swift in Sources */,
				1EE7AC3428ED465B008ED299 /* MainCoordinator.swift in Sources */,
			);
			runOnlyForDeploymentPostprocessing = 0;
		};
/* End PBXSourcesBuildPhase section */

/* Begin PBXVariantGroup section */
		1EE7AC1528EB08DC008ED299 /* Main.storyboard */ = {
			isa = PBXVariantGroup;
			children = (
				1EE7AC1628EB08DC008ED299 /* Base */,
			);
			name = Main.storyboard;
			sourceTree = "<group>";
		};
		1EE7AC1A28EB08DD008ED299 /* LaunchScreen.storyboard */ = {
			isa = PBXVariantGroup;
			children = (
				1EE7AC1B28EB08DD008ED299 /* Base */,
			);
			name = LaunchScreen.storyboard;
			sourceTree = "<group>";
		};
/* End PBXVariantGroup section */

/* Begin XCBuildConfiguration section */
		1EE7AC1E28EB08DD008ED299 /* Debug */ = {
			isa = XCBuildConfiguration;
			buildSettings = {
				ALWAYS_SEARCH_USER_PATHS = NO;
				CLANG_ANALYZER_NONNULL = YES;
				CLANG_ANALYZER_NUMBER_OBJECT_CONVERSION = YES_AGGRESSIVE;
				CLANG_CXX_LANGUAGE_STANDARD = "gnu++17";
				CLANG_ENABLE_MODULES = YES;
				CLANG_ENABLE_OBJC_ARC = YES;
				CLANG_ENABLE_OBJC_WEAK = YES;
				CLANG_WARN_BLOCK_CAPTURE_AUTORELEASING = YES;
				CLANG_WARN_BOOL_CONVERSION = YES;
				CLANG_WARN_COMMA = YES;
				CLANG_WARN_CONSTANT_CONVERSION = YES;
				CLANG_WARN_DEPRECATED_OBJC_IMPLEMENTATIONS = YES;
				CLANG_WARN_DIRECT_OBJC_ISA_USAGE = YES_ERROR;
				CLANG_WARN_DOCUMENTATION_COMMENTS = YES;
				CLANG_WARN_EMPTY_BODY = YES;
				CLANG_WARN_ENUM_CONVERSION = YES;
				CLANG_WARN_INFINITE_RECURSION = YES;
				CLANG_WARN_INT_CONVERSION = YES;
				CLANG_WARN_NON_LITERAL_NULL_CONVERSION = YES;
				CLANG_WARN_OBJC_IMPLICIT_RETAIN_SELF = YES;
				CLANG_WARN_OBJC_LITERAL_CONVERSION = YES;
				CLANG_WARN_OBJC_ROOT_CLASS = YES_ERROR;
				CLANG_WARN_QUOTED_INCLUDE_IN_FRAMEWORK_HEADER = YES;
				CLANG_WARN_RANGE_LOOP_ANALYSIS = YES;
				CLANG_WARN_STRICT_PROTOTYPES = YES;
				CLANG_WARN_SUSPICIOUS_MOVE = YES;
				CLANG_WARN_UNGUARDED_AVAILABILITY = YES_AGGRESSIVE;
				CLANG_WARN_UNREACHABLE_CODE = YES;
				CLANG_WARN__DUPLICATE_METHOD_MATCH = YES;
				COPY_PHASE_STRIP = NO;
				DEBUG_INFORMATION_FORMAT = dwarf;
				ENABLE_STRICT_OBJC_MSGSEND = YES;
				ENABLE_TESTABILITY = YES;
				GCC_C_LANGUAGE_STANDARD = gnu11;
				GCC_DYNAMIC_NO_PIC = NO;
				GCC_NO_COMMON_BLOCKS = YES;
				GCC_OPTIMIZATION_LEVEL = 0;
				GCC_PREPROCESSOR_DEFINITIONS = (
					"DEBUG=1",
					"$(inherited)",
				);
				GCC_WARN_64_TO_32_BIT_CONVERSION = YES;
				GCC_WARN_ABOUT_RETURN_TYPE = YES_ERROR;
				GCC_WARN_UNDECLARED_SELECTOR = YES;
				GCC_WARN_UNINITIALIZED_AUTOS = YES_AGGRESSIVE;
				GCC_WARN_UNUSED_FUNCTION = YES;
				GCC_WARN_UNUSED_VARIABLE = YES;
				IPHONEOS_DEPLOYMENT_TARGET = 15.5;
				MTL_ENABLE_DEBUG_INFO = INCLUDE_SOURCE;
				MTL_FAST_MATH = YES;
				ONLY_ACTIVE_ARCH = YES;
				SDKROOT = iphoneos;
				SWIFT_ACTIVE_COMPILATION_CONDITIONS = DEBUG;
				SWIFT_OPTIMIZATION_LEVEL = "-Onone";
			};
			name = Debug;
		};
		1EE7AC1F28EB08DD008ED299 /* Release */ = {
			isa = XCBuildConfiguration;
			buildSettings = {
				ALWAYS_SEARCH_USER_PATHS = NO;
				CLANG_ANALYZER_NONNULL = YES;
				CLANG_ANALYZER_NUMBER_OBJECT_CONVERSION = YES_AGGRESSIVE;
				CLANG_CXX_LANGUAGE_STANDARD = "gnu++17";
				CLANG_ENABLE_MODULES = YES;
				CLANG_ENABLE_OBJC_ARC = YES;
				CLANG_ENABLE_OBJC_WEAK = YES;
				CLANG_WARN_BLOCK_CAPTURE_AUTORELEASING = YES;
				CLANG_WARN_BOOL_CONVERSION = YES;
				CLANG_WARN_COMMA = YES;
				CLANG_WARN_CONSTANT_CONVERSION = YES;
				CLANG_WARN_DEPRECATED_OBJC_IMPLEMENTATIONS = YES;
				CLANG_WARN_DIRECT_OBJC_ISA_USAGE = YES_ERROR;
				CLANG_WARN_DOCUMENTATION_COMMENTS = YES;
				CLANG_WARN_EMPTY_BODY = YES;
				CLANG_WARN_ENUM_CONVERSION = YES;
				CLANG_WARN_INFINITE_RECURSION = YES;
				CLANG_WARN_INT_CONVERSION = YES;
				CLANG_WARN_NON_LITERAL_NULL_CONVERSION = YES;
				CLANG_WARN_OBJC_IMPLICIT_RETAIN_SELF = YES;
				CLANG_WARN_OBJC_LITERAL_CONVERSION = YES;
				CLANG_WARN_OBJC_ROOT_CLASS = YES_ERROR;
				CLANG_WARN_QUOTED_INCLUDE_IN_FRAMEWORK_HEADER = YES;
				CLANG_WARN_RANGE_LOOP_ANALYSIS = YES;
				CLANG_WARN_STRICT_PROTOTYPES = YES;
				CLANG_WARN_SUSPICIOUS_MOVE = YES;
				CLANG_WARN_UNGUARDED_AVAILABILITY = YES_AGGRESSIVE;
				CLANG_WARN_UNREACHABLE_CODE = YES;
				CLANG_WARN__DUPLICATE_METHOD_MATCH = YES;
				COPY_PHASE_STRIP = NO;
				DEBUG_INFORMATION_FORMAT = "dwarf-with-dsym";
				ENABLE_NS_ASSERTIONS = NO;
				ENABLE_STRICT_OBJC_MSGSEND = YES;
				GCC_C_LANGUAGE_STANDARD = gnu11;
				GCC_NO_COMMON_BLOCKS = YES;
				GCC_WARN_64_TO_32_BIT_CONVERSION = YES;
				GCC_WARN_ABOUT_RETURN_TYPE = YES_ERROR;
				GCC_WARN_UNDECLARED_SELECTOR = YES;
				GCC_WARN_UNINITIALIZED_AUTOS = YES_AGGRESSIVE;
				GCC_WARN_UNUSED_FUNCTION = YES;
				GCC_WARN_UNUSED_VARIABLE = YES;
				IPHONEOS_DEPLOYMENT_TARGET = 15.5;
				MTL_ENABLE_DEBUG_INFO = NO;
				MTL_FAST_MATH = YES;
				SDKROOT = iphoneos;
				SWIFT_COMPILATION_MODE = wholemodule;
				SWIFT_OPTIMIZATION_LEVEL = "-O";
				VALIDATE_PRODUCT = YES;
			};
			name = Release;
		};
		1EE7AC2128EB08DD008ED299 /* Debug */ = {
			isa = XCBuildConfiguration;
			buildSettings = {
				ASSETCATALOG_COMPILER_APPICON_NAME = AppIcon;
				ASSETCATALOG_COMPILER_GLOBAL_ACCENT_COLOR_NAME = AccentColor;
				CODE_SIGN_STYLE = Automatic;
				CURRENT_PROJECT_VERSION = 1;
				DEVELOPMENT_TEAM = ERYTP954UL;
				GENERATE_INFOPLIST_FILE = YES;
				INFOPLIST_FILE = MyOwnArchitectureApp/Info.plist;
				INFOPLIST_KEY_UIApplicationSupportsIndirectInputEvents = YES;
				INFOPLIST_KEY_UILaunchStoryboardName = LaunchScreen;
				INFOPLIST_KEY_UISupportedInterfaceOrientations_iPad = "UIInterfaceOrientationPortrait UIInterfaceOrientationPortraitUpsideDown UIInterfaceOrientationLandscapeLeft UIInterfaceOrientationLandscapeRight";
				INFOPLIST_KEY_UISupportedInterfaceOrientations_iPhone = "UIInterfaceOrientationPortrait UIInterfaceOrientationLandscapeLeft UIInterfaceOrientationLandscapeRight";
				LD_RUNPATH_SEARCH_PATHS = (
					"$(inherited)",
					"@executable_path/Frameworks",
				);
				MARKETING_VERSION = 1.0;
				PRODUCT_BUNDLE_IDENTIFIER = com.ank.ind.poc.MyOwnArchitectureApp;
				PRODUCT_NAME = "$(TARGET_NAME)";
				SWIFT_EMIT_LOC_STRINGS = YES;
				SWIFT_VERSION = 5.0;
				TARGETED_DEVICE_FAMILY = "1,2";
			};
			name = Debug;
		};
		1EE7AC2228EB08DD008ED299 /* Release */ = {
			isa = XCBuildConfiguration;
			buildSettings = {
				ASSETCATALOG_COMPILER_APPICON_NAME = AppIcon;
				ASSETCATALOG_COMPILER_GLOBAL_ACCENT_COLOR_NAME = AccentColor;
				CODE_SIGN_STYLE = Automatic;
				CURRENT_PROJECT_VERSION = 1;
				DEVELOPMENT_TEAM = ERYTP954UL;
				GENERATE_INFOPLIST_FILE = YES;
				INFOPLIST_FILE = MyOwnArchitectureApp/Info.plist;
				INFOPLIST_KEY_UIApplicationSupportsIndirectInputEvents = YES;
				INFOPLIST_KEY_UILaunchStoryboardName = LaunchScreen;
				INFOPLIST_KEY_UISupportedInterfaceOrientations_iPad = "UIInterfaceOrientationPortrait UIInterfaceOrientationPortraitUpsideDown UIInterfaceOrientationLandscapeLeft UIInterfaceOrientationLandscapeRight";
				INFOPLIST_KEY_UISupportedInterfaceOrientations_iPhone = "UIInterfaceOrientationPortrait UIInterfaceOrientationLandscapeLeft UIInterfaceOrientationLandscapeRight";
				LD_RUNPATH_SEARCH_PATHS = (
					"$(inherited)",
					"@executable_path/Frameworks",
				);
				MARKETING_VERSION = 1.0;
				PRODUCT_BUNDLE_IDENTIFIER = com.ank.ind.poc.MyOwnArchitectureApp;
				PRODUCT_NAME = "$(TARGET_NAME)";
				SWIFT_EMIT_LOC_STRINGS = YES;
				SWIFT_VERSION = 5.0;
				TARGETED_DEVICE_FAMILY = "1,2";
			};
			name = Release;
		};
/* End XCBuildConfiguration section */

/* Begin XCConfigurationList section */
		1EE7AC0728EB08DC008ED299 /* Build configuration list for PBXProject "MyOwnArchitectureApp" */ = {
			isa = XCConfigurationList;
			buildConfigurations = (
				1EE7AC1E28EB08DD008ED299 /* Debug */,
				1EE7AC1F28EB08DD008ED299 /* Release */,
			);
			defaultConfigurationIsVisible = 0;
			defaultConfigurationName = Release;
		};
		1EE7AC2028EB08DD008ED299 /* Build configuration list for PBXNativeTarget "MyOwnArchitectureApp" */ = {
			isa = XCConfigurationList;
			buildConfigurations = (
				1EE7AC2128EB08DD008ED299 /* Debug */,
				1EE7AC2228EB08DD008ED299 /* Release */,
			);
			defaultConfigurationIsVisible = 0;
			defaultConfigurationName = Release;
		};
/* End XCConfigurationList section */
	};
	rootObject = 1EE7AC0428EB08DC008ED299 /* Project object */;
}
